Microsoft Visual Studio Solution File, Format Version 12.00
# Visual Studio Version 17
VisualStudioVersion = 17.0.32112.339
MinimumVisualStudioVersion = 10.0.40219.1
Project("{2150E333-8FDC-42A3-9474-1A3956D46DE8}") = "src", "src", "{BC7CA20F-741B-4757-8833-EA38E62FC786}"
EndProject
Project("{2150E333-8FDC-42A3-9474-1A3956D46DE8}") = "tests", "tests", "{07E15C51-014F-4C05-B709-C273D2D4E78C}"
EndProject
Project("{2150E333-8FDC-42A3-9474-1A3956D46DE8}") = "corePackages", "corePackages", "{403A7B6A-EDB3-4B56-8DF2-A92A3247C721}"
EndProject
Project("{9A19103F-16F7-4668-BE54-9A1E7A4F7556}") = "Core.Persistence", "src\corePackages\Core.Persistence\Core.Persistence.csproj", "{430101C0-BAE0-41E7-801E-0BC492073E28}"
EndProject
Project("{9A19103F-16F7-4668-BE54-9A1E7A4F7556}") = "Core.CrossCuttingConcerns", "src\corePackages\Core.CrossCuttingConcerns\Core.CrossCuttingConcerns.csproj", "{58361D6C-B594-42B2-9BDA-92C1B5812A50}"
EndProject
Project("{9A19103F-16F7-4668-BE54-9A1E7A4F7556}") = "Core.Application", "src\corePackages\Core.Application\Core.Application.csproj", "{0B8A1EBC-8A90-4324-A9C6-E98D1E2D0293}"
EndProject
Project("{9A19103F-16F7-4668-BE54-9A1E7A4F7556}") = "Core.Mailing", "src\corePackages\Core.Mailing\Core.Mailing.csproj", "{3E439D5D-35A3-4A08-9985-EC0F1EC9C650}"
EndProject
Project("{9A19103F-16F7-4668-BE54-9A1E7A4F7556}") = "Core.Security", "src\corePackages\Core.Security\Core.Security.csproj", "{B8A4FFEC-7E11-427E-AB1D-B0F03CAC3BDC}"
EndProject
Project("{9A19103F-16F7-4668-BE54-9A1E7A4F7556}") = "Core.ElasticSearch", "src\corePackages\Core.ElasticSearch\Core.ElasticSearch.csproj", "{326EE5E7-920B-4BAE-9B86-EC81EF14C768}"
EndProject
Project("{9A19103F-16F7-4668-BE54-9A1E7A4F7556}") = "Application.Tests", "tests\Application.Tests\Application.Tests.csproj", "{85A9396B-D22C-4671-B912-2E12F2F43946}"
EndProject
Project("{9A19103F-16F7-4668-BE54-9A1E7A4F7556}") = "Core.Test", "src\corePackages\Core.Test\Core.Test.csproj", "{04F34479-7304-45E2-AEA3-5269BA1543E6}"
EndProject
Project("{9A19103F-16F7-4668-BE54-9A1E7A4F7556}") = "Core.WebAPI", "src\corePackages\Core.WebAPI\Core.WebAPI.csproj", "{24AE40CB-3961-4DBA-9E7B-E48893CA8DA5}"
EndProject
Project("{2150E333-8FDC-42A3-9474-1A3956D46DE8}") = "category", "category", "{B55D0084-0EA4-4D49-8D2E-2674070135B4}"
EndProject
Project("{9A19103F-16F7-4668-BE54-9A1E7A4F7556}") = "Application", "src\category\Application\Application.csproj", "{8AF1CA75-114E-4422-ACAC-91D2A09A231F}"
EndProject
Project("{9A19103F-16F7-4668-BE54-9A1E7A4F7556}") = "Domain", "src\category\Domain\Domain.csproj", "{1A3175BE-C5B3-4B23-A959-0035B38ED5D5}"
EndProject
Project("{9A19103F-16F7-4668-BE54-9A1E7A4F7556}") = "Infrastructure", "src\category\Infrastructure\Infrastructure.csproj", "{DF7C63F1-F895-4DE2-9693-9AE1CB76EDAD}"
EndProject
Project("{9A19103F-16F7-4668-BE54-9A1E7A4F7556}") = "Persistence", "src\category\Persistence\Persistence.csproj", "{BDCE1990-195B-41F3-83C6-65AC4B6B4B4D}"
EndProject
Project("{9A19103F-16F7-4668-BE54-9A1E7A4F7556}") = "WebAPI", "src\category\WebAPI\WebAPI.csproj", "{B31EB866-5AE7-44C6-ABCB-AB5613D1BCA1}"
EndProject
Project("{2150E333-8FDC-42A3-9474-1A3956D46DE8}") = "product", "product", "{F34890EE-C1AD-4F10-AA67-A936DE71FAF9}"
EndProject
Project("{9A19103F-16F7-4668-BE54-9A1E7A4F7556}") = "Application", "src\product\Application\Application.csproj", "{BF17BCB5-4D24-4B63-849C-04DF28C89F95}"
EndProject
Project("{9A19103F-16F7-4668-BE54-9A1E7A4F7556}") = "Domain", "src\product\Domain\Domain.csproj", "{2F5EB92E-65E1-4B59-A5F5-4E4485192F3A}"
EndProject
Project("{9A19103F-16F7-4668-BE54-9A1E7A4F7556}") = "Infrastructure", "src\product\Infrastructure\Infrastructure.csproj", "{880A50F0-B184-46B8-82FF-DEE515B8AC16}"
EndProject
Project("{9A19103F-16F7-4668-BE54-9A1E7A4F7556}") = "Persistence", "src\product\Persistence\Persistence.csproj", "{274C34AC-BDAD-42D7-8353-8337B9FC7997}"
EndProject
Project("{9A19103F-16F7-4668-BE54-9A1E7A4F7556}") = "WebAPI", "src\product\WebAPI\WebAPI.csproj", "{EE181786-B588-4AE3-9583-B215E52278E9}"
EndProject
Project("{FAE04EC0-301F-11D3-BF4B-00C04F79EFBC}") = "APIGateway", "src\APIGateway\APIGateway.csproj", "{4776FEE1-B567-40E5-8004-A18AF03D1A63}"
EndProject
Project("{2150E333-8FDC-42A3-9474-1A3956D46DE8}") = "Solution Items", "Solution Items", "{C7B8EB90-34FC-454C-9433-361D8547025F}"
	ProjectSection(SolutionItems) = preProject
		docker-compose.yml = docker-compose.yml
	EndProjectSection
EndProject
Global
	GlobalSection(SolutionConfigurationPlatforms) = preSolution
		Debug|Any CPU = Debug|Any CPU
		Release|Any CPU = Release|Any CPU
	EndGlobalSection
	GlobalSection(ProjectConfigurationPlatforms) = postSolution
		{430101C0-BAE0-41E7-801E-0BC492073E28}.Debug|Any CPU.ActiveCfg = Debug|Any CPU
		{430101C0-BAE0-41E7-801E-0BC492073E28}.Debug|Any CPU.Build.0 = Debug|Any CPU
		{430101C0-BAE0-41E7-801E-0BC492073E28}.Release|Any CPU.ActiveCfg = Release|Any CPU
		{430101C0-BAE0-41E7-801E-0BC492073E28}.Release|Any CPU.Build.0 = Release|Any CPU
		{58361D6C-B594-42B2-9BDA-92C1B5812A50}.Debug|Any CPU.ActiveCfg = Debug|Any CPU
		{58361D6C-B594-42B2-9BDA-92C1B5812A50}.Debug|Any CPU.Build.0 = Debug|Any CPU
		{58361D6C-B594-42B2-9BDA-92C1B5812A50}.Release|Any CPU.ActiveCfg = Release|Any CPU
		{58361D6C-B594-42B2-9BDA-92C1B5812A50}.Release|Any CPU.Build.0 = Release|Any CPU
		{0B8A1EBC-8A90-4324-A9C6-E98D1E2D0293}.Debug|Any CPU.ActiveCfg = Debug|Any CPU
		{0B8A1EBC-8A90-4324-A9C6-E98D1E2D0293}.Debug|Any CPU.Build.0 = Debug|Any CPU
		{0B8A1EBC-8A90-4324-A9C6-E98D1E2D0293}.Release|Any CPU.ActiveCfg = Release|Any CPU
		{0B8A1EBC-8A90-4324-A9C6-E98D1E2D0293}.Release|Any CPU.Build.0 = Release|Any CPU
		{3E439D5D-35A3-4A08-9985-EC0F1EC9C650}.Debug|Any CPU.ActiveCfg = Debug|Any CPU
		{3E439D5D-35A3-4A08-9985-EC0F1EC9C650}.Debug|Any CPU.Build.0 = Debug|Any CPU
		{3E439D5D-35A3-4A08-9985-EC0F1EC9C650}.Release|Any CPU.ActiveCfg = Release|Any CPU
		{3E439D5D-35A3-4A08-9985-EC0F1EC9C650}.Release|Any CPU.Build.0 = Release|Any CPU
		{B8A4FFEC-7E11-427E-AB1D-B0F03CAC3BDC}.Debug|Any CPU.ActiveCfg = Debug|Any CPU
		{B8A4FFEC-7E11-427E-AB1D-B0F03CAC3BDC}.Debug|Any CPU.Build.0 = Debug|Any CPU
		{B8A4FFEC-7E11-427E-AB1D-B0F03CAC3BDC}.Release|Any CPU.ActiveCfg = Release|Any CPU
		{B8A4FFEC-7E11-427E-AB1D-B0F03CAC3BDC}.Release|Any CPU.Build.0 = Release|Any CPU
		{326EE5E7-920B-4BAE-9B86-EC81EF14C768}.Debug|Any CPU.ActiveCfg = Debug|Any CPU
		{326EE5E7-920B-4BAE-9B86-EC81EF14C768}.Debug|Any CPU.Build.0 = Debug|Any CPU
		{326EE5E7-920B-4BAE-9B86-EC81EF14C768}.Release|Any CPU.ActiveCfg = Release|Any CPU
		{326EE5E7-920B-4BAE-9B86-EC81EF14C768}.Release|Any CPU.Build.0 = Release|Any CPU
		{85A9396B-D22C-4671-B912-2E12F2F43946}.Debug|Any CPU.ActiveCfg = Debug|Any CPU
		{85A9396B-D22C-4671-B912-2E12F2F43946}.Debug|Any CPU.Build.0 = Debug|Any CPU
		{85A9396B-D22C-4671-B912-2E12F2F43946}.Release|Any CPU.ActiveCfg = Release|Any CPU
		{85A9396B-D22C-4671-B912-2E12F2F43946}.Release|Any CPU.Build.0 = Release|Any CPU
		{04F34479-7304-45E2-AEA3-5269BA1543E6}.Debug|Any CPU.ActiveCfg = Debug|Any CPU
		{04F34479-7304-45E2-AEA3-5269BA1543E6}.Debug|Any CPU.Build.0 = Debug|Any CPU
		{04F34479-7304-45E2-AEA3-5269BA1543E6}.Release|Any CPU.ActiveCfg = Release|Any CPU
		{04F34479-7304-45E2-AEA3-5269BA1543E6}.Release|Any CPU.Build.0 = Release|Any CPU
		{24AE40CB-3961-4DBA-9E7B-E48893CA8DA5}.Debug|Any CPU.ActiveCfg = Debug|Any CPU
		{24AE40CB-3961-4DBA-9E7B-E48893CA8DA5}.Debug|Any CPU.Build.0 = Debug|Any CPU
		{24AE40CB-3961-4DBA-9E7B-E48893CA8DA5}.Release|Any CPU.ActiveCfg = Release|Any CPU
		{24AE40CB-3961-4DBA-9E7B-E48893CA8DA5}.Release|Any CPU.Build.0 = Release|Any CPU
		{8AF1CA75-114E-4422-ACAC-91D2A09A231F}.Debug|Any CPU.ActiveCfg = Debug|Any CPU
		{8AF1CA75-114E-4422-ACAC-91D2A09A231F}.Debug|Any CPU.Build.0 = Debug|Any CPU
		{8AF1CA75-114E-4422-ACAC-91D2A09A231F}.Release|Any CPU.ActiveCfg = Release|Any CPU
		{8AF1CA75-114E-4422-ACAC-91D2A09A231F}.Release|Any CPU.Build.0 = Release|Any CPU
		{1A3175BE-C5B3-4B23-A959-0035B38ED5D5}.Debug|Any CPU.ActiveCfg = Debug|Any CPU
		{1A3175BE-C5B3-4B23-A959-0035B38ED5D5}.Debug|Any CPU.Build.0 = Debug|Any CPU
		{1A3175BE-C5B3-4B23-A959-0035B38ED5D5}.Release|Any CPU.ActiveCfg = Release|Any CPU
		{1A3175BE-C5B3-4B23-A959-0035B38ED5D5}.Release|Any CPU.Build.0 = Release|Any CPU
		{DF7C63F1-F895-4DE2-9693-9AE1CB76EDAD}.Debug|Any CPU.ActiveCfg = Debug|Any CPU
		{DF7C63F1-F895-4DE2-9693-9AE1CB76EDAD}.Debug|Any CPU.Build.0 = Debug|Any CPU
		{DF7C63F1-F895-4DE2-9693-9AE1CB76EDAD}.Release|Any CPU.ActiveCfg = Release|Any CPU
		{DF7C63F1-F895-4DE2-9693-9AE1CB76EDAD}.Release|Any CPU.Build.0 = Release|Any CPU
		{BDCE1990-195B-41F3-83C6-65AC4B6B4B4D}.Debug|Any CPU.ActiveCfg = Debug|Any CPU
		{BDCE1990-195B-41F3-83C6-65AC4B6B4B4D}.Debug|Any CPU.Build.0 = Debug|Any CPU
		{BDCE1990-195B-41F3-83C6-65AC4B6B4B4D}.Release|Any CPU.ActiveCfg = Release|Any CPU
		{BDCE1990-195B-41F3-83C6-65AC4B6B4B4D}.Release|Any CPU.Build.0 = Release|Any CPU
		{B31EB866-5AE7-44C6-ABCB-AB5613D1BCA1}.Debug|Any CPU.ActiveCfg = Debug|Any CPU
		{B31EB866-5AE7-44C6-ABCB-AB5613D1BCA1}.Debug|Any CPU.Build.0 = Debug|Any CPU
		{B31EB866-5AE7-44C6-ABCB-AB5613D1BCA1}.Release|Any CPU.ActiveCfg = Release|Any CPU
		{B31EB866-5AE7-44C6-ABCB-AB5613D1BCA1}.Release|Any CPU.Build.0 = Release|Any CPU
		{BF17BCB5-4D24-4B63-849C-04DF28C89F95}.Debug|Any CPU.ActiveCfg = Debug|Any CPU
		{BF17BCB5-4D24-4B63-849C-04DF28C89F95}.Debug|Any CPU.Build.0 = Debug|Any CPU
		{BF17BCB5-4D24-4B63-849C-04DF28C89F95}.Release|Any CPU.ActiveCfg = Release|Any CPU
		{BF17BCB5-4D24-4B63-849C-04DF28C89F95}.Release|Any CPU.Build.0 = Release|Any CPU
		{2F5EB92E-65E1-4B59-A5F5-4E4485192F3A}.Debug|Any CPU.ActiveCfg = Debug|Any CPU
		{2F5EB92E-65E1-4B59-A5F5-4E4485192F3A}.Debug|Any CPU.Build.0 = Debug|Any CPU
		{2F5EB92E-65E1-4B59-A5F5-4E4485192F3A}.Release|Any CPU.ActiveCfg = Release|Any CPU
		{2F5EB92E-65E1-4B59-A5F5-4E4485192F3A}.Release|Any CPU.Build.0 = Release|Any CPU
		{880A50F0-B184-46B8-82FF-DEE515B8AC16}.Debug|Any CPU.ActiveCfg = Debug|Any CPU
		{880A50F0-B184-46B8-82FF-DEE515B8AC16}.Debug|Any CPU.Build.0 = Debug|Any CPU
		{880A50F0-B184-46B8-82FF-DEE515B8AC16}.Release|Any CPU.ActiveCfg = Release|Any CPU
		{880A50F0-B184-46B8-82FF-DEE515B8AC16}.Release|Any CPU.Build.0 = Release|Any CPU
		{274C34AC-BDAD-42D7-8353-8337B9FC7997}.Debug|Any CPU.ActiveCfg = Debug|Any CPU
		{274C34AC-BDAD-42D7-8353-8337B9FC7997}.Debug|Any CPU.Build.0 = Debug|Any CPU
		{274C34AC-BDAD-42D7-8353-8337B9FC7997}.Release|Any CPU.ActiveCfg = Release|Any CPU
		{274C34AC-BDAD-42D7-8353-8337B9FC7997}.Release|Any CPU.Build.0 = Release|Any CPU
		{EE181786-B588-4AE3-9583-B215E52278E9}.Debug|Any CPU.ActiveCfg = Debug|Any CPU
		{EE181786-B588-4AE3-9583-B215E52278E9}.Debug|Any CPU.Build.0 = Debug|Any CPU
		{EE181786-B588-4AE3-9583-B215E52278E9}.Release|Any CPU.ActiveCfg = Release|Any CPU
		{EE181786-B588-4AE3-9583-B215E52278E9}.Release|Any CPU.Build.0 = Release|Any CPU
		{4776FEE1-B567-40E5-8004-A18AF03D1A63}.Debug|Any CPU.ActiveCfg = Debug|Any CPU
		{4776FEE1-B567-40E5-8004-A18AF03D1A63}.Debug|Any CPU.Build.0 = Debug|Any CPU
		{4776FEE1-B567-40E5-8004-A18AF03D1A63}.Release|Any CPU.ActiveCfg = Release|Any CPU
		{4776FEE1-B567-40E5-8004-A18AF03D1A63}.Release|Any CPU.Build.0 = Release|Any CPU
	EndGlobalSection
	GlobalSection(SolutionProperties) = preSolution
		HideSolutionNode = FALSE
	EndGlobalSection
	GlobalSection(NestedProjects) = preSolution
		{403A7B6A-EDB3-4B56-8DF2-A92A3247C721} = {BC7CA20F-741B-4757-8833-EA38E62FC786}
		{430101C0-BAE0-41E7-801E-0BC492073E28} = {403A7B6A-EDB3-4B56-8DF2-A92A3247C721}
		{58361D6C-B594-42B2-9BDA-92C1B5812A50} = {403A7B6A-EDB3-4B56-8DF2-A92A3247C721}
		{0B8A1EBC-8A90-4324-A9C6-E98D1E2D0293} = {403A7B6A-EDB3-4B56-8DF2-A92A3247C721}
		{3E439D5D-35A3-4A08-9985-EC0F1EC9C650} = {403A7B6A-EDB3-4B56-8DF2-A92A3247C721}
		{B8A4FFEC-7E11-427E-AB1D-B0F03CAC3BDC} = {403A7B6A-EDB3-4B56-8DF2-A92A3247C721}
		{326EE5E7-920B-4BAE-9B86-EC81EF14C768} = {403A7B6A-EDB3-4B56-8DF2-A92A3247C721}
		{85A9396B-D22C-4671-B912-2E12F2F43946} = {07E15C51-014F-4C05-B709-C273D2D4E78C}
		{04F34479-7304-45E2-AEA3-5269BA1543E6} = {403A7B6A-EDB3-4B56-8DF2-A92A3247C721}
		{24AE40CB-3961-4DBA-9E7B-E48893CA8DA5} = {403A7B6A-EDB3-4B56-8DF2-A92A3247C721}
		{B55D0084-0EA4-4D49-8D2E-2674070135B4} = {BC7CA20F-741B-4757-8833-EA38E62FC786}
		{8AF1CA75-114E-4422-ACAC-91D2A09A231F} = {B55D0084-0EA4-4D49-8D2E-2674070135B4}
		{1A3175BE-C5B3-4B23-A959-0035B38ED5D5} = {B55D0084-0EA4-4D49-8D2E-2674070135B4}
		{DF7C63F1-F895-4DE2-9693-9AE1CB76EDAD} = {B55D0084-0EA4-4D49-8D2E-2674070135B4}
		{BDCE1990-195B-41F3-83C6-65AC4B6B4B4D} = {B55D0084-0EA4-4D49-8D2E-2674070135B4}
		{B31EB866-5AE7-44C6-ABCB-AB5613D1BCA1} = {B55D0084-0EA4-4D49-8D2E-2674070135B4}
		{F34890EE-C1AD-4F10-AA67-A936DE71FAF9} = {BC7CA20F-741B-4757-8833-EA38E62FC786}
		{BF17BCB5-4D24-4B63-849C-04DF28C89F95} = {F34890EE-C1AD-4F10-AA67-A936DE71FAF9}
		{2F5EB92E-65E1-4B59-A5F5-4E4485192F3A} = {F34890EE-C1AD-4F10-AA67-A936DE71FAF9}
		{880A50F0-B184-46B8-82FF-DEE515B8AC16} = {F34890EE-C1AD-4F10-AA67-A936DE71FAF9}
		{274C34AC-BDAD-42D7-8353-8337B9FC7997} = {F34890EE-C1AD-4F10-AA67-A936DE71FAF9}
		{EE181786-B588-4AE3-9583-B215E52278E9} = {F34890EE-C1AD-4F10-AA67-A936DE71FAF9}
		{4776FEE1-B567-40E5-8004-A18AF03D1A63} = {BC7CA20F-741B-4757-8833-EA38E62FC786}
	EndGlobalSection
	GlobalSection(ExtensibilityGlobals) = postSolution
		SolutionGuid = {9208CFCE-156A-49CD-9E43-32CE67AAB957}
	EndGlobalSection
EndGlobal
